
Microsoft Visual Studio Solution File, Format Version 12.00
# Visual Studio Version 17
VisualStudioVersion = 17.13.35931.197 d17.13
MinimumVisualStudioVersion = 10.0.40219.1
Project("{FAE04EC0-301F-11D3-BF4B-00C04F79EFBC}") = "FinalExam", "FinalExam\FinalExam.csproj", "{F60DE8A1-143D-4020-B877-14DB9BDF8BC3}"
EndProject
Global
	GlobalSection(SolutionConfigurationPlatforms) = preSolution
		Debug|Any CPU = Debug|Any CPU
		Release|Any CPU = Release|Any CPU
	EndGlobalSection
	GlobalSection(ProjectConfigurationPlatforms) = postSolution
		{F60DE8A1-143D-4020-B877-14DB9BDF8BC3}.Debug|Any CPU.ActiveCfg = Debug|Any CPU
		{F60DE8A1-143D-4020-B877-14DB9BDF8BC3}.Debug|Any CPU.Build.0 = Debug|Any CPU
		{F60DE8A1-143D-4020-B877-14DB9BDF8BC3}.Release|Any CPU.ActiveCfg = Release|Any CPU
		{F60DE8A1-143D-4020-B877-14DB9BDF8BC3}.Release|Any CPU.Build.0 = Release|Any CPU
	EndGlobalSection
	GlobalSection(SolutionProperties) = preSolution
		HideSolutionNode = FALSE
	EndGlobalSection
	GlobalSection(ExtensibilityGlobals) = postSolution
		SolutionGuid = {97C2604E-3FE1-4236-8A06-41BFEC59332A}
	EndGlobalSection
EndGlobal
